// !$*UTF8*$!
{
	archiveVersion = 1;
	classes = {
	};
	objectVersion = 77;
	objects = {

/* Begin PBXBuildFile section */
		2E248B832EC539F20090DF84 /* AppDelegate.swift in Sources */ = {isa = PBXBuildFile; fileRef = 2E248B822EC539F20090DF84 /* AppDelegate.swift */; };
		2E248B872EC539F20090DF84 /* Main.html in Resources */ = {isa = PBXBuildFile; fileRef = 2E248B852EC539F20090DF84 /* Main.html */; };
		2E248B892EC539F20090DF84 /* Icon.png in Resources */ = {isa = PBXBuildFile; fileRef = 2E248B882EC539F20090DF84 /* Icon.png */; };
		2E248B8B2EC539F20090DF84 /* Style.css in Resources */ = {isa = PBXBuildFile; fileRef = 2E248B8A2EC539F20090DF84 /* Style.css */; };
		2E248B8D2EC539F20090DF84 /* Script.js in Resources */ = {isa = PBXBuildFile; fileRef = 2E248B8C2EC539F20090DF84 /* Script.js */; };
		2E248B8F2EC539F20090DF84 /* ViewController.swift in Sources */ = {isa = PBXBuildFile; fileRef = 2E248B8E2EC539F20090DF84 /* ViewController.swift */; };
		2E248B922EC539F20090DF84 /* Main.storyboard in Resources */ = {isa = PBXBuildFile; fileRef = 2E248B902EC539F20090DF84 /* Main.storyboard */; };
		2E248B942EC539F30090DF84 /* Assets.xcassets in Resources */ = {isa = PBXBuildFile; fileRef = 2E248B932EC539F30090DF84 /* Assets.xcassets */; };
		2E248B9B2EC539F30090DF84 /* AI Search Router Extension.appex in Embed Foundation Extensions */ = {isa = PBXBuildFile; fileRef = 2E248B9A2EC539F30090DF84 /* AI Search Router Extension.appex */; settings = {ATTRIBUTES = (RemoveHeadersOnCopy, ); }; };
		2E248BA02EC539F30090DF84 /* SafariWebExtensionHandler.swift in Sources */ = {isa = PBXBuildFile; fileRef = 2E248B9F2EC539F30090DF84 /* SafariWebExtensionHandler.swift */; };
		2E248BB12EC539F30090DF84 /* options in Resources */ = {isa = PBXBuildFile; fileRef = 2E248BAC2EC539F30090DF84 /* options */; };
		2E248BB22EC539F30090DF84 /* popup in Resources */ = {isa = PBXBuildFile; fileRef = 2E248BAD2EC539F30090DF84 /* popup */; };
		2E248BB32EC539F30090DF84 /* background.js in Resources */ = {isa = PBXBuildFile; fileRef = 2E248BAE2EC539F30090DF84 /* background.js */; };
		2E248BB62EC539F30090DF84 /* background.html in Resources */ = {isa = PBXBuildFile; fileRef = 2E248BC12EC539F30090DF84 /* background.html */; };
		2E248BB42EC539F30090DF84 /* icons in Resources */ = {isa = PBXBuildFile; fileRef = 2E248BAF2EC539F30090DF84 /* icons */; };
		2E248BB52EC539F30090DF84 /* manifest.json in Resources */ = {isa = PBXBuildFile; fileRef = 2E248BB02EC539F30090DF84 /* manifest.json */; };
/* End PBXBuildFile section */

/* Begin PBXContainerItemProxy section */
		2E248B9C2EC539F30090DF84 /* PBXContainerItemProxy */ = {
			isa = PBXContainerItemProxy;
			containerPortal = 2E248B772EC539F10090DF84 /* Project object */;
			proxyType = 1;
			remoteGlobalIDString = 2E248B992EC539F30090DF84;
			remoteInfo = "AI Search Router Extension";
		};
/* End PBXContainerItemProxy section */

/* Begin PBXCopyFilesBuildPhase section */
		2E248BA72EC539F30090DF84 /* Embed Foundation Extensions */ = {
			isa = PBXCopyFilesBuildPhase;
			buildActionMask = 2147483647;
			dstPath = "";
			dstSubfolderSpec = 13;
			files = (
				2E248B9B2EC539F30090DF84 /* AI Search Router Extension.appex in Embed Foundation Extensions */,
			);
			name = "Embed Foundation Extensions";
			runOnlyForDeploymentPostprocessing = 0;
		};
/* End PBXCopyFilesBuildPhase section */

/* Begin PBXFileReference section */
		2E248B7F2EC539F10090DF84 /* AI Search Router.app */ = {isa = PBXFileReference; explicitFileType = wrapper.application; includeInIndex = 0; path = "AI Search Router.app"; sourceTree = BUILT_PRODUCTS_DIR; };
		2E248B822EC539F20090DF84 /* AppDelegate.swift */ = {isa = PBXFileReference; lastKnownFileType = sourcecode.swift; path = AppDelegate.swift; sourceTree = "<group>"; };
		2E248B862EC539F20090DF84 /* Base */ = {isa = PBXFileReference; lastKnownFileType = text.html; name = Base; path = Base.lproj/Main.html; sourceTree = "<group>"; };
		2E248B882EC539F20090DF84 /* Icon.png */ = {isa = PBXFileReference; lastKnownFileType = image.png; path = Icon.png; sourceTree = "<group>"; };
		2E248B8A2EC539F20090DF84 /* Style.css */ = {isa = PBXFileReference; lastKnownFileType = text.css; path = Style.css; sourceTree = "<group>"; };
		2E248B8C2EC539F20090DF84 /* Script.js */ = {isa = PBXFileReference; lastKnownFileType = sourcecode.javascript; path = Script.js; sourceTree = "<group>"; };
		2E248B8E2EC539F20090DF84 /* ViewController.swift */ = {isa = PBXFileReference; lastKnownFileType = sourcecode.swift; path = ViewController.swift; sourceTree = "<group>"; };
		2E248B912EC539F20090DF84 /* Base */ = {isa = PBXFileReference; lastKnownFileType = file.storyboard; name = Base; path = Base.lproj/Main.storyboard; sourceTree = "<group>"; };
		2E248B932EC539F30090DF84 /* Assets.xcassets */ = {isa = PBXFileReference; lastKnownFileType = folder.assetcatalog; path = Assets.xcassets; sourceTree = "<group>"; };
		2E248B952EC539F30090DF84 /* Info.plist */ = {isa = PBXFileReference; lastKnownFileType = text.plist.xml; path = Info.plist; sourceTree = "<group>"; };
		2E248B9A2EC539F30090DF84 /* AI Search Router Extension.appex */ = {isa = PBXFileReference; explicitFileType = "wrapper.app-extension"; includeInIndex = 0; path = "AI Search Router Extension.appex"; sourceTree = BUILT_PRODUCTS_DIR; };
		2E248B9F2EC539F30090DF84 /* SafariWebExtensionHandler.swift */ = {isa = PBXFileReference; lastKnownFileType = sourcecode.swift; path = SafariWebExtensionHandler.swift; sourceTree = "<group>"; };
		2E248BA12EC539F30090DF84 /* Info.plist */ = {isa = PBXFileReference; lastKnownFileType = text.plist.xml; path = Info.plist; sourceTree = "<group>"; };
		2E248BAC2EC539F30090DF84 /* options */ = {isa = PBXFileReference; lastKnownFileType = folder; name = options; path = ../../../../packages/extension/dist/options; sourceTree = "<group>"; };
		2E248BAD2EC539F30090DF84 /* popup */ = {isa = PBXFileReference; lastKnownFileType = folder; name = popup; path = ../../../../packages/extension/dist/popup; sourceTree = "<group>"; };
		2E248BAE2EC539F30090DF84 /* background.js */ = {isa = PBXFileReference; lastKnownFileType = sourcecode.javascript; name = background.js; path = ../../../../packages/extension/dist/background.js; sourceTree = "<group>"; };
		2E248BC12EC539F30090DF84 /* background.html */ = {isa = PBXFileReference; lastKnownFileType = text.html; name = background.html; path = ../../../../packages/extension/dist/background.html; sourceTree = "<group>"; };
		2E248BAF2EC539F30090DF84 /* icons */ = {isa = PBXFileReference; lastKnownFileType = folder; name = icons; path = ../../../../packages/extension/dist/icons; sourceTree = "<group>"; };
		2E248BB02EC539F30090DF84 /* manifest.json */ = {isa = PBXFileReference; lastKnownFileType = text.json; name = manifest.json; path = ../../../../packages/extension/dist/manifest.json; sourceTree = "<group>"; };
/* End PBXFileReference section */

/* Begin PBXFrameworksBuildPhase section */
		2E248B7C2EC539F10090DF84 /* Frameworks */ = {
			isa = PBXFrameworksBuildPhase;
			buildActionMask = 2147483647;
			files = (
			);
			runOnlyForDeploymentPostprocessing = 0;
		};
		2E248B972EC539F30090DF84 /* Frameworks */ = {
			isa = PBXFrameworksBuildPhase;
			buildActionMask = 2147483647;
			files = (
			);
			runOnlyForDeploymentPostprocessing = 0;
		};
/* End PBXFrameworksBuildPhase section */

/* Begin PBXGroup section */
		2E248B762EC539F10090DF84 = {
			isa = PBXGroup;
			children = (
				2E248B812EC539F10090DF84 /* AI Search Router */,
				2E248B9E2EC539F30090DF84 /* AI Search Router Extension */,
				2E248B802EC539F10090DF84 /* Products */,
			);
			sourceTree = "<group>";
		};
		2E248B802EC539F10090DF84 /* Products */ = {
			isa = PBXGroup;
			children = (
				2E248B7F2EC539F10090DF84 /* AI Search Router.app */,
				2E248B9A2EC539F30090DF84 /* AI Search Router Extension.appex */,
			);
			name = Products;
			sourceTree = "<group>";
		};
		2E248B812EC539F10090DF84 /* AI Search Router */ = {
			isa = PBXGroup;
			children = (
				2E248B822EC539F20090DF84 /* AppDelegate.swift */,
				2E248B8E2EC539F20090DF84 /* ViewController.swift */,
				2E248B902EC539F20090DF84 /* Main.storyboard */,
				2E248B932EC539F30090DF84 /* Assets.xcassets */,
				2E248B952EC539F30090DF84 /* Info.plist */,
				2E248B842EC539F20090DF84 /* Resources */,
			);
			path = "AI Search Router";
			sourceTree = "<group>";
		};
		2E248B842EC539F20090DF84 /* Resources */ = {
			isa = PBXGroup;
			children = (
				2E248B852EC539F20090DF84 /* Main.html */,
				2E248B882EC539F20090DF84 /* Icon.png */,
				2E248B8A2EC539F20090DF84 /* Style.css */,
				2E248B8C2EC539F20090DF84 /* Script.js */,
			);
			path = Resources;
			sourceTree = "<group>";
		};
		2E248B9E2EC539F30090DF84 /* AI Search Router Extension */ = {
			isa = PBXGroup;
			children = (
				2E248BAB2EC539F30090DF84 /* Resources */,
				2E248B9F2EC539F30090DF84 /* SafariWebExtensionHandler.swift */,
				2E248BA12EC539F30090DF84 /* Info.plist */,
			);
			path = "AI Search Router Extension";
			sourceTree = "<group>";
		};
		2E248BAB2EC539F30090DF84 /* Resources */ = {
			isa = PBXGroup;
			children = (
				2E248BAC2EC539F30090DF84 /* options */,
				2E248BAD2EC539F30090DF84 /* popup */,
				2E248BAE2EC539F30090DF84 /* background.js */,
				2E248BC12EC539F30090DF84 /* background.html */,
				2E248BAF2EC539F30090DF84 /* icons */,
				2E248BB02EC539F30090DF84 /* manifest.json */,
			);
			name = Resources;
			path = "AI Search Router Extension";
			sourceTree = SOURCE_ROOT;
		};
/* End PBXGroup section */

/* Begin PBXNativeTarget section */
		2E248B7E2EC539F10090DF84 /* AI Search Router */ = {
			isa = PBXNativeTarget;
			buildConfigurationList = 2E248BA82EC539F30090DF84 /* Build configuration list for PBXNativeTarget "AI Search Router" */;
			buildPhases = (
				2E248B7B2EC539F10090DF84 /* Sources */,
				2E248B7C2EC539F10090DF84 /* Frameworks */,
				2E248B7D2EC539F10090DF84 /* Resources */,
				2E248BA72EC539F30090DF84 /* Embed Foundation Extensions */,
			);
			buildRules = (
			);
			dependencies = (
				2E248B9D2EC539F30090DF84 /* PBXTargetDependency */,
			);
			name = "AI Search Router";
			packageProductDependencies = (
			);
			productName = "AI Search Router";
			productReference = 2E248B7F2EC539F10090DF84 /* AI Search Router.app */;
			productType = "com.apple.product-type.application";
		};
		2E248B992EC539F30090DF84 /* AI Search Router Extension */ = {
			isa = PBXNativeTarget;
			buildConfigurationList = 2E248BA42EC539F30090DF84 /* Build configuration list for PBXNativeTarget "AI Search Router Extension" */;
			buildPhases = (
				2E248B962EC539F30090DF84 /* Sources */,
				2E248B972EC539F30090DF84 /* Frameworks */,
				2E248B982EC539F30090DF84 /* Resources */,
			);
			buildRules = (
			);
			dependencies = (
			);
			name = "AI Search Router Extension";
			packageProductDependencies = (
			);
			productName = "AI Search Router Extension";
			productReference = 2E248B9A2EC539F30090DF84 /* AI Search Router Extension.appex */;
			productType = "com.apple.product-type.app-extension";
		};
/* End PBXNativeTarget section */

/* Begin PBXProject section */
		2E248B772EC539F10090DF84 /* Project object */ = {
			isa = PBXProject;
			attributes = {
				BuildIndependentTargetsInParallel = 1;
				LastSwiftUpdateCheck = 2610;
				LastUpgradeCheck = 2610;
				TargetAttributes = {
					2E248B7E2EC539F10090DF84 = {
						CreatedOnToolsVersion = 26.1.1;
					};
					2E248B992EC539F30090DF84 = {
						CreatedOnToolsVersion = 26.1.1;
					};
				};
			};
			buildConfigurationList = 2E248B7A2EC539F10090DF84 /* Build configuration list for PBXProject "AI Search Router" */;
			developmentRegion = en;
			hasScannedForEncodings = 0;
			knownRegions = (
				en,
				Base,
			);
			mainGroup = 2E248B762EC539F10090DF84;
			minimizedProjectReferenceProxies = 1;
			preferredProjectObjectVersion = 77;
			productRefGroup = 2E248B802EC539F10090DF84 /* Products */;
			projectDirPath = "";
			projectRoot = "";
			targets = (
				2E248B7E2EC539F10090DF84 /* AI Search Router */,
				2E248B992EC539F30090DF84 /* AI Search Router Extension */,
			);
		};
/* End PBXProject section */

/* Begin PBXResourcesBuildPhase section */
		2E248B7D2EC539F10090DF84 /* Resources */ = {
			isa = PBXResourcesBuildPhase;
			buildActionMask = 2147483647;
			files = (
				2E248B892EC539F20090DF84 /* Icon.png in Resources */,
				2E248B922EC539F20090DF84 /* Main.storyboard in Resources */,
				2E248B8D2EC539F20090DF84 /* Script.js in Resources */,
				2E248B872EC539F20090DF84 /* Main.html in Resources */,
				2E248B942EC539F30090DF84 /* Assets.xcassets in Resources */,
				2E248B8B2EC539F20090DF84 /* Style.css in Resources */,
			);
			runOnlyForDeploymentPostprocessing = 0;
		};
		2E248B982EC539F30090DF84 /* Resources */ = {
			isa = PBXResourcesBuildPhase;
			buildActionMask = 2147483647;
			files = (
				2E248BB12EC539F30090DF84 /* options in Resources */,
				2E248BB42EC539F30090DF84 /* icons in Resources */,
				2E248BB52EC539F30090DF84 /* manifest.json in Resources */,
				2E248BB32EC539F30090DF84 /* background.js in Resources */,
				2E248BB62EC539F30090DF84 /* background.html in Resources */,
				2E248BB22EC539F30090DF84 /* popup in Resources */,
			);
			runOnlyForDeploymentPostprocessing = 0;
		};
/* End PBXResourcesBuildPhase section */

/* Begin PBXSourcesBuildPhase section */
		2E248B7B2EC539F10090DF84 /* Sources */ = {
			isa = PBXSourcesBuildPhase;
			buildActionMask = 2147483647;
			files = (
				2E248B8F2EC539F20090DF84 /* ViewController.swift in Sources */,
				2E248B832EC539F20090DF84 /* AppDelegate.swift in Sources */,
			);
			runOnlyForDeploymentPostprocessing = 0;
		};
		2E248B962EC539F30090DF84 /* Sources */ = {
			isa = PBXSourcesBuildPhase;
			buildActionMask = 2147483647;
			files = (
				2E248BA02EC539F30090DF84 /* SafariWebExtensionHandler.swift in Sources */,
			);
			runOnlyForDeploymentPostprocessing = 0;
		};
/* End PBXSourcesBuildPhase section */

/* Begin PBXTargetDependency section */
		2E248B9D2EC539F30090DF84 /* PBXTargetDependency */ = {
			isa = PBXTargetDependency;
			target = 2E248B992EC539F30090DF84 /* AI Search Router Extension */;
			targetProxy = 2E248B9C2EC539F30090DF84 /* PBXContainerItemProxy */;
		};
/* End PBXTargetDependency section */

/* Begin PBXVariantGroup section */
		2E248B852EC539F20090DF84 /* Main.html */ = {
			isa = PBXVariantGroup;
			children = (
				2E248B862EC539F20090DF84 /* Base */,
			);
			name = Main.html;
			sourceTree = "<group>";
		};
		2E248B902EC539F20090DF84 /* Main.storyboard */ = {
			isa = PBXVariantGroup;
			children = (
				2E248B912EC539F20090DF84 /* Base */,
			);
			name = Main.storyboard;
			sourceTree = "<group>";
		};
/* End PBXVariantGroup section */

/* Begin XCBuildConfiguration section */
		2E248BA22EC539F30090DF84 /* Debug */ = {
			isa = XCBuildConfiguration;
			buildSettings = {
				ALWAYS_SEARCH_USER_PATHS = NO;
				ASSETCATALOG_COMPILER_GENERATE_SWIFT_ASSET_SYMBOL_EXTENSIONS = YES;
				CLANG_ANALYZER_NONNULL = YES;
				CLANG_ANALYZER_NUMBER_OBJECT_CONVERSION = YES_AGGRESSIVE;
				CLANG_CXX_LANGUAGE_STANDARD = "gnu++20";
				CLANG_ENABLE_MODULES = YES;
				CLANG_ENABLE_OBJC_ARC = YES;
				CLANG_ENABLE_OBJC_WEAK = YES;
				CLANG_WARN_BLOCK_CAPTURE_AUTORELEASING = YES;
				CLANG_WARN_BOOL_CONVERSION = YES;
				CLANG_WARN_COMMA = YES;
				CLANG_WARN_CONSTANT_CONVERSION = YES;
				CLANG_WARN_DEPRECATED_OBJC_IMPLEMENTATIONS = YES;
				CLANG_WARN_DIRECT_OBJC_ISA_USAGE = YES_ERROR;
				CLANG_WARN_DOCUMENTATION_COMMENTS = YES;
				CLANG_WARN_EMPTY_BODY = YES;
				CLANG_WARN_ENUM_CONVERSION = YES;
				CLANG_WARN_INFINITE_RECURSION = YES;
				CLANG_WARN_INT_CONVERSION = YES;
				CLANG_WARN_NON_LITERAL_NULL_CONVERSION = YES;
				CLANG_WARN_OBJC_IMPLICIT_RETAIN_SELF = YES;
				CLANG_WARN_OBJC_LITERAL_CONVERSION = YES;
				CLANG_WARN_OBJC_ROOT_CLASS = YES_ERROR;
				CLANG_WARN_QUOTED_INCLUDE_IN_FRAMEWORK_HEADER = YES;
				CLANG_WARN_RANGE_LOOP_ANALYSIS = YES;
				CLANG_WARN_STRICT_PROTOTYPES = YES;
				CLANG_WARN_SUSPICIOUS_MOVE = YES;
				CLANG_WARN_UNGUARDED_AVAILABILITY = YES_AGGRESSIVE;
				CLANG_WARN_UNREACHABLE_CODE = YES;
				CLANG_WARN__DUPLICATE_METHOD_MATCH = YES;
				COPY_PHASE_STRIP = NO;
				DEBUG_INFORMATION_FORMAT = dwarf;
				ENABLE_STRICT_OBJC_MSGSEND = YES;
				ENABLE_TESTABILITY = YES;
				ENABLE_USER_SCRIPT_SANDBOXING = YES;
				GCC_C_LANGUAGE_STANDARD = gnu17;
				GCC_DYNAMIC_NO_PIC = NO;
				GCC_NO_COMMON_BLOCKS = YES;
				GCC_OPTIMIZATION_LEVEL = 0;
				GCC_PREPROCESSOR_DEFINITIONS = (
					"DEBUG=1",
					"$(inherited)",
				);
				GCC_WARN_64_TO_32_BIT_CONVERSION = YES;
				GCC_WARN_ABOUT_RETURN_TYPE = YES_ERROR;
				GCC_WARN_UNDECLARED_SELECTOR = YES;
				GCC_WARN_UNINITIALIZED_AUTOS = YES_AGGRESSIVE;
				GCC_WARN_UNUSED_FUNCTION = YES;
				GCC_WARN_UNUSED_VARIABLE = YES;
				LOCALIZATION_PREFERS_STRING_CATALOGS = YES;
				MACOSX_DEPLOYMENT_TARGET = 26.0;
				MTL_ENABLE_DEBUG_INFO = INCLUDE_SOURCE;
				MTL_FAST_MATH = YES;
				ONLY_ACTIVE_ARCH = YES;
				SDKROOT = macosx;
				SWIFT_ACTIVE_COMPILATION_CONDITIONS = "DEBUG $(inherited)";
				SWIFT_OPTIMIZATION_LEVEL = "-Onone";
			};
			name = Debug;
		};
		2E248BA32EC539F30090DF84 /* Release */ = {
			isa = XCBuildConfiguration;
			buildSettings = {
				ALWAYS_SEARCH_USER_PATHS = NO;
				ASSETCATALOG_COMPILER_GENERATE_SWIFT_ASSET_SYMBOL_EXTENSIONS = YES;
				CLANG_ANALYZER_NONNULL = YES;
				CLANG_ANALYZER_NUMBER_OBJECT_CONVERSION = YES_AGGRESSIVE;
				CLANG_CXX_LANGUAGE_STANDARD = "gnu++20";
				CLANG_ENABLE_MODULES = YES;
				CLANG_ENABLE_OBJC_ARC = YES;
				CLANG_ENABLE_OBJC_WEAK = YES;
				CLANG_WARN_BLOCK_CAPTURE_AUTORELEASING = YES;
				CLANG_WARN_BOOL_CONVERSION = YES;
				CLANG_WARN_COMMA = YES;
				CLANG_WARN_CONSTANT_CONVERSION = YES;
				CLANG_WARN_DEPRECATED_OBJC_IMPLEMENTATIONS = YES;
				CLANG_WARN_DIRECT_OBJC_ISA_USAGE = YES_ERROR;
				CLANG_WARN_DOCUMENTATION_COMMENTS = YES;
				CLANG_WARN_EMPTY_BODY = YES;
				CLANG_WARN_ENUM_CONVERSION = YES;
				CLANG_WARN_INFINITE_RECURSION = YES;
				CLANG_WARN_INT_CONVERSION = YES;
				CLANG_WARN_NON_LITERAL_NULL_CONVERSION = YES;
				CLANG_WARN_OBJC_IMPLICIT_RETAIN_SELF = YES;
				CLANG_WARN_OBJC_LITERAL_CONVERSION = YES;
				CLANG_WARN_OBJC_ROOT_CLASS = YES_ERROR;
				CLANG_WARN_QUOTED_INCLUDE_IN_FRAMEWORK_HEADER = YES;
				CLANG_WARN_RANGE_LOOP_ANALYSIS = YES;
				CLANG_WARN_STRICT_PROTOTYPES = YES;
				CLANG_WARN_SUSPICIOUS_MOVE = YES;
				CLANG_WARN_UNGUARDED_AVAILABILITY = YES_AGGRESSIVE;
				CLANG_WARN_UNREACHABLE_CODE = YES;
				CLANG_WARN__DUPLICATE_METHOD_MATCH = YES;
				COPY_PHASE_STRIP = NO;
				DEBUG_INFORMATION_FORMAT = "dwarf-with-dsym";
				ENABLE_NS_ASSERTIONS = NO;
				ENABLE_STRICT_OBJC_MSGSEND = YES;
				ENABLE_USER_SCRIPT_SANDBOXING = YES;
				GCC_C_LANGUAGE_STANDARD = gnu17;
				GCC_NO_COMMON_BLOCKS = YES;
				GCC_WARN_64_TO_32_BIT_CONVERSION = YES;
				GCC_WARN_ABOUT_RETURN_TYPE = YES_ERROR;
				GCC_WARN_UNDECLARED_SELECTOR = YES;
				GCC_WARN_UNINITIALIZED_AUTOS = YES_AGGRESSIVE;
				GCC_WARN_UNUSED_FUNCTION = YES;
				GCC_WARN_UNUSED_VARIABLE = YES;
				LOCALIZATION_PREFERS_STRING_CATALOGS = YES;
				MACOSX_DEPLOYMENT_TARGET = 26.0;
				MTL_ENABLE_DEBUG_INFO = NO;
				MTL_FAST_MATH = YES;
				SDKROOT = macosx;
				SWIFT_COMPILATION_MODE = wholemodule;
			};
			name = Release;
		};
		2E248BA52EC539F30090DF84 /* Debug */ = {
			isa = XCBuildConfiguration;
			buildSettings = {
				CODE_SIGN_STYLE = Automatic;
				CURRENT_PROJECT_VERSION = 1;
				DEVELOPMENT_TEAM = 6UT26E7RJ7;
				ENABLE_APP_SANDBOX = YES;
				ENABLE_HARDENED_RUNTIME = YES;
				ENABLE_USER_SELECTED_FILES = readonly;
				GENERATE_INFOPLIST_FILE = YES;
				INFOPLIST_FILE = "AI Search Router Extension/Info.plist";
				INFOPLIST_KEY_CFBundleDisplayName = "AI Search Router Extension";
				INFOPLIST_KEY_NSHumanReadableCopyright = "";
				LD_RUNPATH_SEARCH_PATHS = (
					"$(inherited)",
					"@executable_path/../Frameworks",
					"@executable_path/../../../../Frameworks",
				);
				MACOSX_DEPLOYMENT_TARGET = 10.14;
				MARKETING_VERSION = 1.0;
				OTHER_LDFLAGS = (
					"-framework",
					SafariServices,
				);
				PRODUCT_BUNDLE_IDENTIFIER = "com.aisearchrouter.AI-Search-Router.Extension";
				PRODUCT_NAME = "$(TARGET_NAME)";
				SKIP_INSTALL = YES;
				STRING_CATALOG_GENERATE_SYMBOLS = YES;
				SWIFT_APPROACHABLE_CONCURRENCY = YES;
				SWIFT_EMIT_LOC_STRINGS = YES;
				SWIFT_UPCOMING_FEATURE_MEMBER_IMPORT_VISIBILITY = YES;
				SWIFT_VERSION = 5.0;
			};
			name = Debug;
		};
		2E248BA62EC539F30090DF84 /* Release */ = {
			isa = XCBuildConfiguration;
			buildSettings = {
				CODE_SIGN_STYLE = Automatic;
				CURRENT_PROJECT_VERSION = 1;
				DEVELOPMENT_TEAM = 6UT26E7RJ7;
				ENABLE_APP_SANDBOX = YES;
				ENABLE_HARDENED_RUNTIME = YES;
				ENABLE_USER_SELECTED_FILES = readonly;
				GENERATE_INFOPLIST_FILE = YES;
				INFOPLIST_FILE = "AI Search Router Extension/Info.plist";
				INFOPLIST_KEY_CFBundleDisplayName = "AI Search Router Extension";
				INFOPLIST_KEY_NSHumanReadableCopyright = "";
				LD_RUNPATH_SEARCH_PATHS = (
					"$(inherited)",
					"@executable_path/../Frameworks",
					"@executable_path/../../../../Frameworks",
				);
				MACOSX_DEPLOYMENT_TARGET = 10.14;
				MARKETING_VERSION = 1.0;
				OTHER_LDFLAGS = (
					"-framework",
					SafariServices,
				);
				PRODUCT_BUNDLE_IDENTIFIER = "com.aisearchrouter.AI-Search-Router.Extension";
				PRODUCT_NAME = "$(TARGET_NAME)";
				SKIP_INSTALL = YES;
				STRING_CATALOG_GENERATE_SYMBOLS = YES;
				SWIFT_APPROACHABLE_CONCURRENCY = YES;
				SWIFT_EMIT_LOC_STRINGS = YES;
				SWIFT_UPCOMING_FEATURE_MEMBER_IMPORT_VISIBILITY = YES;
				SWIFT_VERSION = 5.0;
			};
			name = Release;
		};
		2E248BA92EC539F30090DF84 /* Debug */ = {
			isa = XCBuildConfiguration;
			buildSettings = {
				ASSETCATALOG_COMPILER_APPICON_NAME = AppIcon;
				ASSETCATALOG_COMPILER_GLOBAL_ACCENT_COLOR_NAME = AccentColor;
				"CODE_SIGN_IDENTITY[sdk=macosx*]" = "Apple Development";
				CODE_SIGN_STYLE = Automatic;
				COMBINE_HIDPI_IMAGES = YES;
				CURRENT_PROJECT_VERSION = 1;
				DEVELOPMENT_TEAM = 6UT26E7RJ7;
				ENABLE_APP_SANDBOX = YES;
				ENABLE_HARDENED_RUNTIME = YES;
				ENABLE_OUTGOING_NETWORK_CONNECTIONS = YES;
				ENABLE_USER_SELECTED_FILES = readonly;
				GENERATE_INFOPLIST_FILE = YES;
				INFOPLIST_FILE = "AI Search Router/Info.plist";
				INFOPLIST_KEY_CFBundleDisplayName = "AI Search Router";
				INFOPLIST_KEY_NSHumanReadableCopyright = "";
				INFOPLIST_KEY_NSMainStoryboardFile = Main;
				INFOPLIST_KEY_NSPrincipalClass = NSApplication;
				LD_RUNPATH_SEARCH_PATHS = (
					"$(inherited)",
					"@executable_path/../Frameworks",
				);
				MARKETING_VERSION = 1.0;
				OTHER_LDFLAGS = (
					"-framework",
					SafariServices,
					"-framework",
					WebKit,
				);
				PRODUCT_BUNDLE_IDENTIFIER = "com.aisearchrouter.AI-Search-Router";
				PRODUCT_NAME = "$(TARGET_NAME)";
				REGISTER_APP_GROUPS = YES;
				STRING_CATALOG_GENERATE_SYMBOLS = YES;
				SWIFT_APPROACHABLE_CONCURRENCY = YES;
				SWIFT_DEFAULT_ACTOR_ISOLATION = MainActor;
				SWIFT_EMIT_LOC_STRINGS = YES;
				SWIFT_UPCOMING_FEATURE_MEMBER_IMPORT_VISIBILITY = YES;
				SWIFT_VERSION = 5.0;
			};
			name = Debug;
		};
		2E248BAA2EC539F30090DF84 /* Release */ = {
			isa = XCBuildConfiguration;
			buildSettings = {
				ASSETCATALOG_COMPILER_APPICON_NAME = AppIcon;
				ASSETCATALOG_COMPILER_GLOBAL_ACCENT_COLOR_NAME = AccentColor;
				"CODE_SIGN_IDENTITY[sdk=macosx*]" = "Apple Development";
				CODE_SIGN_STYLE = Automatic;
				COMBINE_HIDPI_IMAGES = YES;
				CURRENT_PROJECT_VERSION = 1;
				DEVELOPMENT_TEAM = 6UT26E7RJ7;
				ENABLE_APP_SANDBOX = YES;
				ENABLE_HARDENED_RUNTIME = YES;
				ENABLE_OUTGOING_NETWORK_CONNECTIONS = YES;
				ENABLE_USER_SELECTED_FILES = readonly;
				GENERATE_INFOPLIST_FILE = YES;
				INFOPLIST_FILE = "AI Search Router/Info.plist";
				INFOPLIST_KEY_CFBundleDisplayName = "AI Search Router";
				INFOPLIST_KEY_NSHumanReadableCopyright = "";
				INFOPLIST_KEY_NSMainStoryboardFile = Main;
				INFOPLIST_KEY_NSPrincipalClass = NSApplication;
				LD_RUNPATH_SEARCH_PATHS = (
					"$(inherited)",
					"@executable_path/../Frameworks",
				);
				MARKETING_VERSION = 1.0;
				OTHER_LDFLAGS = (
					"-framework",
					SafariServices,
					"-framework",
					WebKit,
				);
				PRODUCT_BUNDLE_IDENTIFIER = "com.aisearchrouter.AI-Search-Router";
				PRODUCT_NAME = "$(TARGET_NAME)";
				REGISTER_APP_GROUPS = YES;
				STRING_CATALOG_GENERATE_SYMBOLS = YES;
				SWIFT_APPROACHABLE_CONCURRENCY = YES;
				SWIFT_DEFAULT_ACTOR_ISOLATION = MainActor;
				SWIFT_EMIT_LOC_STRINGS = YES;
				SWIFT_UPCOMING_FEATURE_MEMBER_IMPORT_VISIBILITY = YES;
				SWIFT_VERSION = 5.0;
			};
			name = Release;
		};
/* End XCBuildConfiguration section */

/* Begin XCConfigurationList section */
		2E248B7A2EC539F10090DF84 /* Build configuration list for PBXProject "AI Search Router" */ = {
			isa = XCConfigurationList;
			buildConfigurations = (
				2E248BA22EC539F30090DF84 /* Debug */,
				2E248BA32EC539F30090DF84 /* Release */,
			);
			defaultConfigurationIsVisible = 0;
			defaultConfigurationName = Release;
		};
		2E248BA42EC539F30090DF84 /* Build configuration list for PBXNativeTarget "AI Search Router Extension" */ = {
			isa = XCConfigurationList;
			buildConfigurations = (
				2E248BA52EC539F30090DF84 /* Debug */,
				2E248BA62EC539F30090DF84 /* Release */,
			);
			defaultConfigurationIsVisible = 0;
			defaultConfigurationName = Release;
		};
		2E248BA82EC539F30090DF84 /* Build configuration list for PBXNativeTarget "AI Search Router" */ = {
			isa = XCConfigurationList;
			buildConfigurations = (
				2E248BA92EC539F30090DF84 /* Debug */,
				2E248BAA2EC539F30090DF84 /* Release */,
			);
			defaultConfigurationIsVisible = 0;
			defaultConfigurationName = Release;
		};
/* End XCConfigurationList section */
	};
	rootObject = 2E248B772EC539F10090DF84 /* Project object */;
}
